// !$*UTF8*$!
{
	archiveVersion = 1;
	classes = {
	};
	objectVersion = 46;
	objects = {

/* Begin PBXBuildFile section */
		02177F231DB5DCD2009A9D4B /* main.m in Sources */ = {isa = PBXBuildFile; fileRef = 02177F221DB5DCD2009A9D4B /* main.m */; };
		02177F261DB5DCD2009A9D4B /* AppDelegate.m in Sources */ = {isa = PBXBuildFile; fileRef = 02177F251DB5DCD2009A9D4B /* AppDelegate.m */; };
		02177F291DB5DCD2009A9D4B /* ViewController.m in Sources */ = {isa = PBXBuildFile; fileRef = 02177F281DB5DCD2009A9D4B /* ViewController.m */; };
		02177F2C1DB5DCD2009A9D4B /* Main.storyboard in Resources */ = {isa = PBXBuildFile; fileRef = 02177F2A1DB5DCD2009A9D4B /* Main.storyboard */; };
		02177F2E1DB5DCD2009A9D4B /* Assets.xcassets in Resources */ = {isa = PBXBuildFile; fileRef = 02177F2D1DB5DCD2009A9D4B /* Assets.xcassets */; };
		02177F311DB5DCD2009A9D4B /* LaunchScreen.storyboard in Resources */ = {isa = PBXBuildFile; fileRef = 02177F2F1DB5DCD2009A9D4B /* LaunchScreen.storyboard */; };
		02177F3C1DB5DCD3009A9D4B /* TestTests.m in Sources */ = {isa = PBXBuildFile; fileRef = 02177F3B1DB5DCD3009A9D4B /* TestTests.m */; };
		02177F471DB5DCD3009A9D4B /* TestUITests.m in Sources */ = {isa = PBXBuildFile; fileRef = 02177F461DB5DCD3009A9D4B /* TestUITests.m */; };
/* End PBXBuildFile section */

/* Begin PBXContainerItemProxy section */
		02177F381DB5DCD3009A9D4B /* PBXContainerItemProxy */ = {
			isa = PBXContainerItemProxy;
			containerPortal = 02177F161DB5DCD2009A9D4B /* Project object */;
			proxyType = 1;
			remoteGlobalIDString = 02177F1D1DB5DCD2009A9D4B;
			remoteInfo = Test;
		};
		02177F431DB5DCD3009A9D4B /* PBXContainerItemProxy */ = {
			isa = PBXContainerItemProxy;
			containerPortal = 02177F161DB5DCD2009A9D4B /* Project object */;
			proxyType = 1;
			remoteGlobalIDString = 02177F1D1DB5DCD2009A9D4B;
			remoteInfo = Test;
		};
/* End PBXContainerItemProxy section */

/* Begin PBXFileReference section */
		02177F1E1DB5DCD2009A9D4B /* Test.app */ = {isa = PBXFileReference; explicitFileType = wrapper.application; includeInIndex = 0; path = Test.app; sourceTree = BUILT_PRODUCTS_DIR; };
		02177F221DB5DCD2009A9D4B /* main.m */ = {isa = PBXFileReference; lastKnownFileType = sourcecode.c.objc; path = main.m; sourceTree = "<group>"; };
		02177F241DB5DCD2009A9D4B /* AppDelegate.h */ = {isa = PBXFileReference; lastKnownFileType = sourcecode.c.h; path = AppDelegate.h; sourceTree = "<group>"; };
		02177F251DB5DCD2009A9D4B /* AppDelegate.m */ = {isa = PBXFileReference; lastKnownFileType = sourcecode.c.objc; path = AppDelegate.m; sourceTree = "<group>"; };
		02177F271DB5DCD2009A9D4B /* ViewController.h */ = {isa = PBXFileReference; lastKnownFileType = sourcecode.c.h; path = ViewController.h; sourceTree = "<group>"; };
		02177F281DB5DCD2009A9D4B /* ViewController.m */ = {isa = PBXFileReference; lastKnownFileType = sourcecode.c.objc; path = ViewController.m; sourceTree = "<group>"; };
		02177F2B1DB5DCD2009A9D4B /* Base */ = {isa = PBXFileReference; lastKnownFileType = file.storyboard; name = Base; path = Base.lproj/Main.storyboard; sourceTree = "<group>"; };
		02177F2D1DB5DCD2009A9D4B /* Assets.xcassets */ = {isa = PBXFileReference; lastKnownFileType = folder.assetcatalog; path = Assets.xcassets; sourceTree = "<group>"; };
		02177F301DB5DCD2009A9D4B /* Base */ = {isa = PBXFileReference; lastKnownFileType = file.storyboard; name = Base; path = Base.lproj/LaunchScreen.storyboard; sourceTree = "<group>"; };
		02177F321DB5DCD2009A9D4B /* Info.plist */ = {isa = PBXFileReference; lastKnownFileType = text.plist.xml; path = Info.plist; sourceTree = "<group>"; };
		02177F371DB5DCD3009A9D4B /* TestTests.xctest */ = {isa = PBXFileReference; explicitFileType = wrapper.cfbundle; includeInIndex = 0; path = TestTests.xctest; sourceTree = BUILT_PRODUCTS_DIR; };
		02177F3B1DB5DCD3009A9D4B /* TestTests.m */ = {isa = PBXFileReference; lastKnownFileType = sourcecode.c.objc; path = TestTests.m; sourceTree = "<group>"; };
		02177F3D1DB5DCD3009A9D4B /* Info.plist */ = {isa = PBXFileReference; lastKnownFileType = text.plist.xml; path = Info.plist; sourceTree = "<group>"; };
		02177F421DB5DCD3009A9D4B /* TestUITests.xctest */ = {isa = PBXFileReference; explicitFileType = wrapper.cfbundle; includeInIndex = 0; path = TestUITests.xctest; sourceTree = BUILT_PRODUCTS_DIR; };
		02177F461DB5DCD3009A9D4B /* TestUITests.m */ = {isa = PBXFileReference; lastKnownFileType = sourcecode.c.objc; path = TestUITests.m; sourceTree = "<group>"; };
		02177F481DB5DCD3009A9D4B /* Info.plist */ = {isa = PBXFileReference; lastKnownFileType = text.plist.xml; path = Info.plist; sourceTree = "<group>"; };
/* End PBXFileReference section */

/* Begin PBXFrameworksBuildPhase section */
		02177F1B1DB5DCD2009A9D4B /* Frameworks */ = {
			isa = PBXFrameworksBuildPhase;
			buildActionMask = 2147483647;
			files = (
			);
			runOnlyForDeploymentPostprocessing = 0;
		};
		02177F341DB5DCD3009A9D4B /* Frameworks */ = {
			isa = PBXFrameworksBuildPhase;
			buildActionMask = 2147483647;
			files = (
			);
			runOnlyForDeploymentPostprocessing = 0;
		};
		02177F3F1DB5DCD3009A9D4B /* Frameworks */ = {
			isa = PBXFrameworksBuildPhase;
			buildActionMask = 2147483647;
			files = (
			);
			runOnlyForDeploymentPostprocessing = 0;
		};
/* End PBXFrameworksBuildPhase section */

/* Begin PBXGroup section */
		02177F151DB5DCD2009A9D4B = {
			isa = PBXGroup;
			children = (
				02177F201DB5DCD2009A9D4B /* Test */,
				02177F3A1DB5DCD3009A9D4B /* TestTests */,
				02177F451DB5DCD3009A9D4B /* TestUITests */,
				02177F1F1DB5DCD2009A9D4B /* Products */,
			);
			sourceTree = "<group>";
		};
		02177F1F1DB5DCD2009A9D4B /* Products */ = {
			isa = PBXGroup;
			children = (
				02177F1E1DB5DCD2009A9D4B /* Test.app */,
				02177F371DB5DCD3009A9D4B /* TestTests.xctest */,
				02177F421DB5DCD3009A9D4B /* TestUITests.xctest */,
			);
			name = Products;
			sourceTree = "<group>";
		};
		02177F201DB5DCD2009A9D4B /* Test */ = {
			isa = PBXGroup;
			children = (
				02177F241DB5DCD2009A9D4B /* AppDelegate.h */,
				02177F251DB5DCD2009A9D4B /* AppDelegate.m */,
				02177F271DB5DCD2009A9D4B /* ViewController.h */,
				02177F281DB5DCD2009A9D4B /* ViewController.m */,
				02177F2A1DB5DCD2009A9D4B /* Main.storyboard */,
				02177F2D1DB5DCD2009A9D4B /* Assets.xcassets */,
				02177F2F1DB5DCD2009A9D4B /* LaunchScreen.storyboard */,
				02177F321DB5DCD2009A9D4B /* Info.plist */,
				02177F211DB5DCD2009A9D4B /* Supporting Files */,
			);
			path = Test;
			sourceTree = "<group>";
		};
		02177F211DB5DCD2009A9D4B /* Supporting Files */ = {
			isa = PBXGroup;
			children = (
				02177F221DB5DCD2009A9D4B /* main.m */,
			);
			name = "Supporting Files";
			sourceTree = "<group>";
		};
		02177F3A1DB5DCD3009A9D4B /* TestTests */ = {
			isa = PBXGroup;
			children = (
				02177F3B1DB5DCD3009A9D4B /* TestTests.m */,
				02177F3D1DB5DCD3009A9D4B /* Info.plist */,
			);
			path = TestTests;
			sourceTree = "<group>";
		};
		02177F451DB5DCD3009A9D4B /* TestUITests */ = {
			isa = PBXGroup;
			children = (
				02177F461DB5DCD3009A9D4B /* TestUITests.m */,
				02177F481DB5DCD3009A9D4B /* Info.plist */,
			);
			path = TestUITests;
			sourceTree = "<group>";
		};
/* End PBXGroup section */

/* Begin PBXNativeTarget section */
		02177F1D1DB5DCD2009A9D4B /* Test */ = {
			isa = PBXNativeTarget;
			buildConfigurationList = 02177F4B1DB5DCD3009A9D4B /* Build configuration list for PBXNativeTarget "Test" */;
			buildPhases = (
				02177F1A1DB5DCD2009A9D4B /* Sources */,
				02177F1B1DB5DCD2009A9D4B /* Frameworks */,
				02177F1C1DB5DCD2009A9D4B /* Resources */,
			);
			buildRules = (
			);
			dependencies = (
			);
			name = Test;
			productName = Test;
			productReference = 02177F1E1DB5DCD2009A9D4B /* Test.app */;
			productType = "com.apple.product-type.application";
		};
		02177F361DB5DCD3009A9D4B /* TestTests */ = {
			isa = PBXNativeTarget;
			buildConfigurationList = 02177F4E1DB5DCD3009A9D4B /* Build configuration list for PBXNativeTarget "TestTests" */;
			buildPhases = (
				02177F331DB5DCD3009A9D4B /* Sources */,
				02177F341DB5DCD3009A9D4B /* Frameworks */,
				02177F351DB5DCD3009A9D4B /* Resources */,
			);
			buildRules = (
			);
			dependencies = (
				02177F391DB5DCD3009A9D4B /* PBXTargetDependency */,
			);
			name = TestTests;
			productName = TestTests;
			productReference = 02177F371DB5DCD3009A9D4B /* TestTests.xctest */;
			productType = "com.apple.product-type.bundle.unit-test";
		};
		02177F411DB5DCD3009A9D4B /* TestUITests */ = {
			isa = PBXNativeTarget;
			buildConfigurationList = 02177F511DB5DCD3009A9D4B /* Build configuration list for PBXNativeTarget "TestUITests" */;
			buildPhases = (
				02177F3E1DB5DCD3009A9D4B /* Sources */,
				02177F3F1DB5DCD3009A9D4B /* Frameworks */,
				02177F401DB5DCD3009A9D4B /* Resources */,
			);
			buildRules = (
			);
			dependencies = (
				02177F441DB5DCD3009A9D4B /* PBXTargetDependency */,
			);
			name = TestUITests;
			productName = TestUITests;
			productReference = 02177F421DB5DCD3009A9D4B /* TestUITests.xctest */;
			productType = "com.apple.product-type.bundle.ui-testing";
		};
/* End PBXNativeTarget section */

/* Begin PBXProject section */
		02177F161DB5DCD2009A9D4B /* Project object */ = {
			isa = PBXProject;
			attributes = {
				LastUpgradeCheck = 0720;
				ORGANIZATIONNAME = "MengLong Wu";
				TargetAttributes = {
					02177F1D1DB5DCD2009A9D4B = {
						CreatedOnToolsVersion = 7.2;
					};
					02177F361DB5DCD3009A9D4B = {
						CreatedOnToolsVersion = 7.2;
						TestTargetID = 02177F1D1DB5DCD2009A9D4B;
					};
					02177F411DB5DCD3009A9D4B = {
						CreatedOnToolsVersion = 7.2;
						TestTargetID = 02177F1D1DB5DCD2009A9D4B;
					};
				};
			};
			buildConfigurationList = 02177F191DB5DCD2009A9D4B /* Build configuration list for PBXProject "Test" */;
			compatibilityVersion = "Xcode 3.2";
			developmentRegion = English;
			hasScannedForEncodings = 0;
			knownRegions = (
				en,
				Base,
			);
			mainGroup = 02177F151DB5DCD2009A9D4B;
			productRefGroup = 02177F1F1DB5DCD2009A9D4B /* Products */;
			projectDirPath = "";
			projectRoot = "";
			targets = (
				02177F1D1DB5DCD2009A9D4B /* Test */,
				02177F361DB5DCD3009A9D4B /* TestTests */,
				02177F411DB5DCD3009A9D4B /* TestUITests */,
			);
		};
/* End PBXProject section */

/* Begin PBXResourcesBuildPhase section */
		02177F1C1DB5DCD2009A9D4B /* Resources */ = {
			isa = PBXResourcesBuildPhase;
			buildActionMask = 2147483647;
			files = (
				02177F311DB5DCD2009A9D4B /* LaunchScreen.storyboard in Resources */,
				02177F2E1DB5DCD2009A9D4B /* Assets.xcassets in Resources */,
				02177F2C1DB5DCD2009A9D4B /* Main.storyboard in Resources */,
			);
			runOnlyForDeploymentPostprocessing = 0;
		};
		02177F351DB5DCD3009A9D4B /* Resources */ = {
			isa = PBXResourcesBuildPhase;
			buildActionMask = 2147483647;
			files = (
			);
			runOnlyForDeploymentPostprocessing = 0;
		};
		02177F401DB5DCD3009A9D4B /* Resources */ = {
			isa = PBXResourcesBuildPhase;
			buildActionMask = 2147483647;
			files = (
			);
			runOnlyForDeploymentPostprocessing = 0;
		};
/* End PBXResourcesBuildPhase section */

/* Begin PBXSourcesBuildPhase section */
		02177F1A1DB5DCD2009A9D4B /* Sources */ = {
			isa = PBXSourcesBuildPhase;
			buildActionMask = 2147483647;
			files = (
				02177F291DB5DCD2009A9D4B /* ViewController.m in Sources */,
				02177F261DB5DCD2009A9D4B /* AppDelegate.m in Sources */,
				02177F231DB5DCD2009A9D4B /* main.m in Sources */,
			);
			runOnlyForDeploymentPostprocessing = 0;
		};
		02177F331DB5DCD3009A9D4B /* Sources */ = {
			isa = PBXSourcesBuildPhase;
			buildActionMask = 2147483647;
			files = (
				02177F3C1DB5DCD3009A9D4B /* TestTests.m in Sources */,
			);
			runOnlyForDeploymentPostprocessing = 0;
		};
		02177F3E1DB5DCD3009A9D4B /* Sources */ = {
			isa = PBXSourcesBuildPhase;
			buildActionMask = 2147483647;
			files = (
				02177F471DB5DCD3009A9D4B /* TestUITests.m in Sources */,
			);
			runOnlyForDeploymentPostprocessing = 0;
		};
/* End PBXSourcesBuildPhase section */

/* Begin PBXTargetDependency section */
		02177F391DB5DCD3009A9D4B /* PBXTargetDependency */ = {
			isa = PBXTargetDependency;
			target = 02177F1D1DB5DCD2009A9D4B /* Test */;
			targetProxy = 02177F381DB5DCD3009A9D4B /* PBXContainerItemProxy */;
		};
		02177F441DB5DCD3009A9D4B /* PBXTargetDependency */ = {
			isa = PBXTargetDependency;
			target = 02177F1D1DB5DCD2009A9D4B /* Test */;
			targetProxy = 02177F431DB5DCD3009A9D4B /* PBXContainerItemProxy */;
		};
/* End PBXTargetDependency section */

/* Begin PBXVariantGroup section */
		02177F2A1DB5DCD2009A9D4B /* Main.storyboard */ = {
			isa = PBXVariantGroup;
			children = (
				02177F2B1DB5DCD2009A9D4B /* Base */,
			);
			name = Main.storyboard;
			sourceTree = "<group>";
		};
		02177F2F1DB5DCD2009A9D4B /* LaunchScreen.storyboard */ = {
			isa = PBXVariantGroup;
			children = (
				02177F301DB5DCD2009A9D4B /* Base */,
			);
			name = LaunchScreen.storyboard;
			sourceTree = "<group>";
		};
/* End PBXVariantGroup section */

/* Begin XCBuildConfiguration section */
		02177F491DB5DCD3009A9D4B /* Debug */ = {
			isa = XCBuildConfiguration;
			buildSettings = {
				ALWAYS_SEARCH_USER_PATHS = NO;
				CLANG_CXX_LANGUAGE_STANDARD = "gnu++0x";
				CLANG_CXX_LIBRARY = "libc++";
				CLANG_ENABLE_MODULES = YES;
				CLANG_ENABLE_OBJC_ARC = YES;
				CLANG_WARN_BOOL_CONVERSION = YES;
				CLANG_WARN_CONSTANT_CONVERSION = YES;
				CLANG_WARN_DIRECT_OBJC_ISA_USAGE = YES_ERROR;
				CLANG_WARN_EMPTY_BODY = YES;
				CLANG_WARN_ENUM_CONVERSION = YES;
				CLANG_WARN_INT_CONVERSION = YES;
				CLANG_WARN_OBJC_ROOT_CLASS = YES_ERROR;
				CLANG_WARN_UNREACHABLE_CODE = YES;
				CLANG_WARN__DUPLICATE_METHOD_MATCH = YES;
				"CODE_SIGN_IDENTITY[sdk=iphoneos*]" = "iPhone Developer";
				COPY_PHASE_STRIP = NO;
				DEBUG_INFORMATION_FORMAT = dwarf;
				ENABLE_STRICT_OBJC_MSGSEND = YES;
				ENABLE_TESTABILITY = YES;
				GCC_C_LANGUAGE_STANDARD = gnu99;
				GCC_DYNAMIC_NO_PIC = NO;
				GCC_NO_COMMON_BLOCKS = YES;
				GCC_OPTIMIZATION_LEVEL = 0;
				GCC_PREPROCESSOR_DEFINITIONS = (
					"DEBUG=1",
					"$(inherited)",
				);
				GCC_WARN_64_TO_32_BIT_CONVERSION = YES;
				GCC_WARN_ABOUT_RETURN_TYPE = YES_ERROR;
				GCC_WARN_UNDECLARED_SELECTOR = YES;
				GCC_WARN_UNINITIALIZED_AUTOS = YES_AGGRESSIVE;
				GCC_WARN_UNUSED_FUNCTION = YES;
				GCC_WARN_UNUSED_VARIABLE = YES;
				IPHONEOS_DEPLOYMENT_TARGET = 9.2;
				MTL_ENABLE_DEBUG_INFO = YES;
				ONLY_ACTIVE_ARCH = YES;
				SDKROOT = iphoneos;
			};
			name = Debug;
		};
		02177F4A1DB5DCD3009A9D4B /* Release */ = {
			isa = XCBuildConfiguration;
			buildSettings = {
				ALWAYS_SEARCH_USER_PATHS = NO;
				CLANG_CXX_LANGUAGE_STANDARD = "gnu++0x";
				CLANG_CXX_LIBRARY = "libc++";
				CLANG_ENABLE_MODULES = YES;
				CLANG_ENABLE_OBJC_ARC = YES;
				CLANG_WARN_BOOL_CONVERSION = YES;
				CLANG_WARN_CONSTANT_CONVERSION = YES;
				CLANG_WARN_DIRECT_OBJC_ISA_USAGE = YES_ERROR;
				CLANG_WARN_EMPTY_BODY = YES;
				CLANG_WARN_ENUM_CONVERSION = YES;
				CLANG_WARN_INT_CONVERSION = YES;
				CLANG_WARN_OBJC_ROOT_CLASS = YES_ERROR;
				CLANG_WARN_UNREACHABLE_CODE = YES;
				CLANG_WARN__DUPLICATE_METHOD_MATCH = YES;
				"CODE_SIGN_IDENTITY[sdk=iphoneos*]" = "iPhone Developer";
				COPY_PHASE_STRIP = NO;
				DEBUG_INFORMATION_FORMAT = "dwarf-with-dsym";
				ENABLE_NS_ASSERTIONS = NO;
				ENABLE_STRICT_OBJC_MSGSEND = YES;
				GCC_C_LANGUAGE_STANDARD = gnu99;
				GCC_NO_COMMON_BLOCKS = YES;
				GCC_WARN_64_TO_32_BIT_CONVERSION = YES;
				GCC_WARN_ABOUT_RETURN_TYPE = YES_ERROR;
				GCC_WARN_UNDECLARED_SELECTOR = YES;
				GCC_WARN_UNINITIALIZED_AUTOS = YES_AGGRESSIVE;
				GCC_WARN_UNUSED_FUNCTION = YES;
				GCC_WARN_UNUSED_VARIABLE = YES;
				IPHONEOS_DEPLOYMENT_TARGET = 9.2;
				MTL_ENABLE_DEBUG_INFO = NO;
				SDKROOT = iphoneos;
				VALIDATE_PRODUCT = YES;
			};
			name = Release;
		};
		02177F4C1DB5DCD3009A9D4B /* Debug */ = {
			isa = XCBuildConfiguration;
			buildSettings = {
				ASSETCATALOG_COMPILER_APPICON_NAME = AppIcon;
				INFOPLIST_FILE = Test/Info.plist;
				LD_RUNPATH_SEARCH_PATHS = "$(inherited) @executable_path/Frameworks";
				PRODUCT_BUNDLE_IDENTIFIER = com.zhiyou100.Test;
				PRODUCT_NAME = "$(TARGET_NAME)";
			};
			name = Debug;
		};
		02177F4D1DB5DCD3009A9D4B /* Release */ = {
			isa = XCBuildConfiguration;
			buildSettings = {
				ASSETCATALOG_COMPILER_APPICON_NAME = AppIcon;
				INFOPLIST_FILE = Test/Info.plist;
				LD_RUNPATH_SEARCH_PATHS = "$(inherited) @executable_path/Frameworks";
				PRODUCT_BUNDLE_IDENTIFIER = com.zhiyou100.Test;
				PRODUCT_NAME = "$(TARGET_NAME)";
			};
			name = Release;
		};
		02177F4F1DB5DCD3009A9D4B /* Debug */ = {
			isa = XCBuildConfiguration;
			buildSettings = {
				BUNDLE_LOADER = "$(TEST_HOST)";
				INFOPLIST_FILE = TestTests/Info.plist;
				LD_RUNPATH_SEARCH_PATHS = "$(inherited) @executable_path/Frameworks @loader_path/Frameworks";
				PRODUCT_BUNDLE_IDENTIFIER = com.zhiyou100.TestTests;
				PRODUCT_NAME = "$(TARGET_NAME)";
				TEST_HOST = "$(BUILT_PRODUCTS_DIR)/Test.app/Test";
			};
			name = Debug;
		};
		02177F501DB5DCD3009A9D4B /* Release */ = {
			isa = XCBuildConfiguration;
			buildSettings = {
				BUNDLE_LOADER = "$(TEST_HOST)";
				INFOPLIST_FILE = TestTests/Info.plist;
				LD_RUNPATH_SEARCH_PATHS = "$(inherited) @executable_path/Frameworks @loader_path/Frameworks";
				PRODUCT_BUNDLE_IDENTIFIER = com.zhiyou100.TestTests;
				PRODUCT_NAME = "$(TARGET_NAME)";
				TEST_HOST = "$(BUILT_PRODUCTS_DIR)/Test.app/Test";
			};
			name = Release;
		};
		02177F521DB5DCD3009A9D4B /* Debug */ = {
			isa = XCBuildConfiguration;
			buildSettings = {
				INFOPLIST_FILE = TestUITests/Info.plist;
				LD_RUNPATH_SEARCH_PATHS = "$(inherited) @executable_path/Frameworks @loader_path/Frameworks";
				PRODUCT_BUNDLE_IDENTIFIER = com.zhiyou100.TestUITests;
				PRODUCT_NAME = "$(TARGET_NAME)";
				TEST_TARGET_NAME = Test;
				USES_XCTRUNNER = YES;
			};
			name = Debug;
		};
		02177F531DB5DCD3009A9D4B /* Release */ = {
			isa = XCBuildConfiguration;
			buildSettings = {
				INFOPLIST_FILE = TestUITests/Info.plist;
				LD_RUNPATH_SEARCH_PATHS = "$(inherited) @executable_path/Frameworks @loader_path/Frameworks";
				PRODUCT_BUNDLE_IDENTIFIER = com.zhiyou100.TestUITests;
				PRODUCT_NAME = "$(TARGET_NAME)";
				TEST_TARGET_NAME = Test;
				USES_XCTRUNNER = YES;
			};
			name = Release;
		};
/* End XCBuildConfiguration section */

/* Begin XCConfigurationList section */
		02177F191DB5DCD2009A9D4B /* Build configuration list for PBXProject "Test" */ = {
			isa = XCConfigurationList;
			buildConfigurations = (
				02177F491DB5DCD3009A9D4B /* Debug */,
				02177F4A1DB5DCD3009A9D4B /* Release */,
			);
			defaultConfigurationIsVisible = 0;
			defaultConfigurationName = Release;
		};
		02177F4B1DB5DCD3009A9D4B /* Build configuration list for PBXNativeTarget "Test" */ = {
			isa = XCConfigurationList;
			buildConfigurations = (
				02177F4C1DB5DCD3009A9D4B /* Debug */,
				02177F4D1DB5DCD3009A9D4B /* Release */,
			);
			defaultConfigurationIsVisible = 0;
		};
		02177F4E1DB5DCD3009A9D4B /* Build configuration list for PBXNativeTarget "TestTests" */ = {
			isa = XCConfigurationList;
			buildConfigurations = (
				02177F4F1DB5DCD3009A9D4B /* Debug */,
				02177F501DB5DCD3009A9D4B /* Release */,
			);
			defaultConfigurationIsVisible = 0;
		};
		02177F511DB5DCD3009A9D4B /* Build configuration list for PBXNativeTarget "TestUITests" */ = {
			isa = XCConfigurationList;
			buildConfigurations = (
				02177F521DB5DCD3009A9D4B /* Debug */,
				02177F531DB5DCD3009A9D4B /* Release */,
			);
			defaultConfigurationIsVisible = 0;
		};
/* End XCConfigurationList section */
	};
	rootObject = 02177F161DB5DCD2009A9D4B /* Project object */;
}
